// !$*UTF8*$!
{
	archiveVersion = 1;
	classes = {
	};
	objectVersion = 55;
	objects = {

/* Begin PBXBuildFile section */
		ED228EF8286561EF0092F686 /* AppDelegate.swift in Sources */ = {isa = PBXBuildFile; fileRef = ED228EF7286561EF0092F686 /* AppDelegate.swift */; };
		ED228EFA286561EF0092F686 /* SceneDelegate.swift in Sources */ = {isa = PBXBuildFile; fileRef = ED228EF9286561EF0092F686 /* SceneDelegate.swift */; };
		ED228EFC286561EF0092F686 /* MainTabBarViewController.swift in Sources */ = {isa = PBXBuildFile; fileRef = ED228EFB286561EF0092F686 /* MainTabBarViewController.swift */; };
		ED228F01286561F10092F686 /* Assets.xcassets in Resources */ = {isa = PBXBuildFile; fileRef = ED228F00286561F10092F686 /* Assets.xcassets */; };
		ED228F04286561F10092F686 /* LaunchScreen.storyboard in Resources */ = {isa = PBXBuildFile; fileRef = ED228F02286561F10092F686 /* LaunchScreen.storyboard */; };
		ED228F12286562860092F686 /* HomeViewController.swift in Sources */ = {isa = PBXBuildFile; fileRef = ED228F11286562860092F686 /* HomeViewController.swift */; };
		ED228F14286562A00092F686 /* UpcomingViewController.swift in Sources */ = {isa = PBXBuildFile; fileRef = ED228F13286562A00092F686 /* UpcomingViewController.swift */; };
		ED228F16286562BC0092F686 /* SearchViewController.swift in Sources */ = {isa = PBXBuildFile; fileRef = ED228F15286562BC0092F686 /* SearchViewController.swift */; };
		ED228F18286562D40092F686 /* DownloadsViewController.swift in Sources */ = {isa = PBXBuildFile; fileRef = ED228F17286562D40092F686 /* DownloadsViewController.swift */; };
		ED228F1A286562F40092F686 /* HeroHeaderUIView.swift in Sources */ = {isa = PBXBuildFile; fileRef = ED228F19286562F40092F686 /* HeroHeaderUIView.swift */; };
		ED228F1C286563130092F686 /* CollectionViewTableViewCell.swift in Sources */ = {isa = PBXBuildFile; fileRef = ED228F1B286563130092F686 /* CollectionViewTableViewCell.swift */; };
/* End PBXBuildFile section */

/* Begin PBXFileReference section */
		ED228EF4286561EF0092F686 /* Netflix-Clone.app */ = {isa = PBXFileReference; explicitFileType = wrapper.application; includeInIndex = 0; path = "Netflix-Clone.app"; sourceTree = BUILT_PRODUCTS_DIR; };
		ED228EF7286561EF0092F686 /* AppDelegate.swift */ = {isa = PBXFileReference; lastKnownFileType = sourcecode.swift; path = AppDelegate.swift; sourceTree = "<group>"; };
		ED228EF9286561EF0092F686 /* SceneDelegate.swift */ = {isa = PBXFileReference; lastKnownFileType = sourcecode.swift; path = SceneDelegate.swift; sourceTree = "<group>"; };
		ED228EFB286561EF0092F686 /* MainTabBarViewController.swift */ = {isa = PBXFileReference; lastKnownFileType = sourcecode.swift; path = MainTabBarViewController.swift; sourceTree = "<group>"; };
		ED228F00286561F10092F686 /* Assets.xcassets */ = {isa = PBXFileReference; lastKnownFileType = folder.assetcatalog; path = Assets.xcassets; sourceTree = "<group>"; };
		ED228F03286561F10092F686 /* Base */ = {isa = PBXFileReference; lastKnownFileType = file.storyboard; name = Base; path = Base.lproj/LaunchScreen.storyboard; sourceTree = "<group>"; };
		ED228F05286561F10092F686 /* Info.plist */ = {isa = PBXFileReference; lastKnownFileType = text.plist.xml; path = Info.plist; sourceTree = "<group>"; };
		ED228F11286562860092F686 /* HomeViewController.swift */ = {isa = PBXFileReference; lastKnownFileType = sourcecode.swift; path = HomeViewController.swift; sourceTree = "<group>"; };
		ED228F13286562A00092F686 /* UpcomingViewController.swift */ = {isa = PBXFileReference; lastKnownFileType = sourcecode.swift; path = UpcomingViewController.swift; sourceTree = "<group>"; };
		ED228F15286562BC0092F686 /* SearchViewController.swift */ = {isa = PBXFileReference; lastKnownFileType = sourcecode.swift; path = SearchViewController.swift; sourceTree = "<group>"; };
		ED228F17286562D40092F686 /* DownloadsViewController.swift */ = {isa = PBXFileReference; lastKnownFileType = sourcecode.swift; path = DownloadsViewController.swift; sourceTree = "<group>"; };
		ED228F19286562F40092F686 /* HeroHeaderUIView.swift */ = {isa = PBXFileReference; lastKnownFileType = sourcecode.swift; path = HeroHeaderUIView.swift; sourceTree = "<group>"; };
		ED228F1B286563130092F686 /* CollectionViewTableViewCell.swift */ = {isa = PBXFileReference; lastKnownFileType = sourcecode.swift; path = CollectionViewTableViewCell.swift; sourceTree = "<group>"; };
/* End PBXFileReference section */

/* Begin PBXFrameworksBuildPhase section */
		ED228EF1286561EF0092F686 /* Frameworks */ = {
			isa = PBXFrameworksBuildPhase;
			buildActionMask = 2147483647;
			files = (
			);
			runOnlyForDeploymentPostprocessing = 0;
		};
/* End PBXFrameworksBuildPhase section */

/* Begin PBXGroup section */
		ED228EEB286561EF0092F686 = {
			isa = PBXGroup;
			children = (
				ED228EF6286561EF0092F686 /* Netflix-Clone */,
				ED228EF5286561EF0092F686 /* Products */,
			);
			sourceTree = "<group>";
		};
		ED228EF5286561EF0092F686 /* Products */ = {
			isa = PBXGroup;
			children = (
				ED228EF4286561EF0092F686 /* Netflix-Clone.app */,
			);
			name = Products;
			sourceTree = "<group>";
		};
		ED228EF6286561EF0092F686 /* Netflix-Clone */ = {
			isa = PBXGroup;
			children = (
				ED228F102865626C0092F686 /* Managers */,
				ED228F0F286562660092F686 /* Resources */,
				ED228F0E2865625F0092F686 /* Models */,
				ED228F0D2865625A0092F686 /* Views */,
				ED228F0C286562530092F686 /* ViewModels */,
				ED228F0B2865624C0092F686 /* Controllers */,
				ED228EF7286561EF0092F686 /* AppDelegate.swift */,
				ED228EF9286561EF0092F686 /* SceneDelegate.swift */,
				ED228EFB286561EF0092F686 /* MainTabBarViewController.swift */,
				ED228F00286561F10092F686 /* Assets.xcassets */,
				ED228F02286561F10092F686 /* LaunchScreen.storyboard */,
				ED228F05286561F10092F686 /* Info.plist */,
			);
			path = "Netflix-Clone";
			sourceTree = "<group>";
		};
		ED228F0B2865624C0092F686 /* Controllers */ = {
			isa = PBXGroup;
			children = (
				ED228F11286562860092F686 /* HomeViewController.swift */,
				ED228F13286562A00092F686 /* UpcomingViewController.swift */,
				ED228F15286562BC0092F686 /* SearchViewController.swift */,
				ED228F17286562D40092F686 /* DownloadsViewController.swift */,
			);
			path = Controllers;
			sourceTree = "<group>";
		};
		ED228F0C286562530092F686 /* ViewModels */ = {
			isa = PBXGroup;
			children = (
			);
			path = ViewModels;
			sourceTree = "<group>";
		};
		ED228F0D2865625A0092F686 /* Views */ = {
			isa = PBXGroup;
			children = (
				ED228F1B286563130092F686 /* CollectionViewTableViewCell.swift */,
				ED228F19286562F40092F686 /* HeroHeaderUIView.swift */,
			);
			path = Views;
			sourceTree = "<group>";
		};
		ED228F0E2865625F0092F686 /* Models */ = {
			isa = PBXGroup;
			children = (
			);
			path = Models;
			sourceTree = "<group>";
		};
		ED228F0F286562660092F686 /* Resources */ = {
			isa = PBXGroup;
			children = (
			);
			path = Resources;
			sourceTree = "<group>";
		};
		ED228F102865626C0092F686 /* Managers */ = {
			isa = PBXGroup;
			children = (
			);
			path = Managers;
			sourceTree = "<group>";
		};
/* End PBXGroup section */

/* Begin PBXNativeTarget section */
		ED228EF3286561EF0092F686 /* Netflix-Clone */ = {
			isa = PBXNativeTarget;
			buildConfigurationList = ED228F08286561F10092F686 /* Build configuration list for PBXNativeTarget "Netflix-Clone" */;
			buildPhases = (
				ED228EF0286561EF0092F686 /* Sources */,
				ED228EF1286561EF0092F686 /* Frameworks */,
				ED228EF2286561EF0092F686 /* Resources */,
			);
			buildRules = (
			);
			dependencies = (
			);
			name = "Netflix-Clone";
			productName = "Netflix-Clone";
			productReference = ED228EF4286561EF0092F686 /* Netflix-Clone.app */;
			productType = "com.apple.product-type.application";
		};
/* End PBXNativeTarget section */

/* Begin PBXProject section */
		ED228EEC286561EF0092F686 /* Project object */ = {
			isa = PBXProject;
			attributes = {
				BuildIndependentTargetsInParallel = 1;
				LastSwiftUpdateCheck = 1340;
				LastUpgradeCheck = 1340;
				TargetAttributes = {
					ED228EF3286561EF0092F686 = {
						CreatedOnToolsVersion = 13.4.1;
					};
				};
			};
			buildConfigurationList = ED228EEF286561EF0092F686 /* Build configuration list for PBXProject "Netflix-Clone" */;
			compatibilityVersion = "Xcode 13.0";
			developmentRegion = en;
			hasScannedForEncodings = 0;
			knownRegions = (
				en,
				Base,
			);
			mainGroup = ED228EEB286561EF0092F686;
			productRefGroup = ED228EF5286561EF0092F686 /* Products */;
			projectDirPath = "";
			projectRoot = "";
			targets = (
				ED228EF3286561EF0092F686 /* Netflix-Clone */,
			);
		};
/* End PBXProject section */

/* Begin PBXResourcesBuildPhase section */
		ED228EF2286561EF0092F686 /* Resources */ = {
			isa = PBXResourcesBuildPhase;
			buildActionMask = 2147483647;
			files = (
				ED228F04286561F10092F686 /* LaunchScreen.storyboard in Resources */,
				ED228F01286561F10092F686 /* Assets.xcassets in Resources */,
			);
			runOnlyForDeploymentPostprocessing = 0;
		};
/* End PBXResourcesBuildPhase section */

/* Begin PBXSourcesBuildPhase section */
		ED228EF0286561EF0092F686 /* Sources */ = {
			isa = PBXSourcesBuildPhase;
			buildActionMask = 2147483647;
			files = (
				ED228F16286562BC0092F686 /* SearchViewController.swift in Sources */,
				ED228F1A286562F40092F686 /* HeroHeaderUIView.swift in Sources */,
				ED228EFC286561EF0092F686 /* MainTabBarViewController.swift in Sources */,
				ED228F18286562D40092F686 /* DownloadsViewController.swift in Sources */,
				ED228EF8286561EF0092F686 /* AppDelegate.swift in Sources */,
				ED228F1C286563130092F686 /* CollectionViewTableViewCell.swift in Sources */,
				ED228EFA286561EF0092F686 /* SceneDelegate.swift in Sources */,
				ED228F14286562A00092F686 /* UpcomingViewController.swift in Sources */,
				ED228F12286562860092F686 /* HomeViewController.swift in Sources */,
			);
			runOnlyForDeploymentPostprocessing = 0;
		};
/* End PBXSourcesBuildPhase section */

/* Begin PBXVariantGroup section */
		ED228F02286561F10092F686 /* LaunchScreen.storyboard */ = {
			isa = PBXVariantGroup;
			children = (
				ED228F03286561F10092F686 /* Base */,
			);
			name = LaunchScreen.storyboard;
			sourceTree = "<group>";
		};
/* End PBXVariantGroup section */

/* Begin XCBuildConfiguration section */
		ED228F06286561F10092F686 /* Debug */ = {
			isa = XCBuildConfiguration;
			buildSettings = {
				ALWAYS_SEARCH_USER_PATHS = NO;
				CLANG_ANALYZER_NONNULL = YES;
				CLANG_ANALYZER_NUMBER_OBJECT_CONVERSION = YES_AGGRESSIVE;
				CLANG_CXX_LANGUAGE_STANDARD = "gnu++17";
				CLANG_ENABLE_MODULES = YES;
				CLANG_ENABLE_OBJC_ARC = YES;
				CLANG_ENABLE_OBJC_WEAK = YES;
				CLANG_WARN_BLOCK_CAPTURE_AUTORELEASING = YES;
				CLANG_WARN_BOOL_CONVERSION = YES;
				CLANG_WARN_COMMA = YES;
				CLANG_WARN_CONSTANT_CONVERSION = YES;
				CLANG_WARN_DEPRECATED_OBJC_IMPLEMENTATIONS = YES;
				CLANG_WARN_DIRECT_OBJC_ISA_USAGE = YES_ERROR;
				CLANG_WARN_DOCUMENTATION_COMMENTS = YES;
				CLANG_WARN_EMPTY_BODY = YES;
				CLANG_WARN_ENUM_CONVERSION = YES;
				CLANG_WARN_INFINITE_RECURSION = YES;
				CLANG_WARN_INT_CONVERSION = YES;
				CLANG_WARN_NON_LITERAL_NULL_CONVERSION = YES;
				CLANG_WARN_OBJC_IMPLICIT_RETAIN_SELF = YES;
				CLANG_WARN_OBJC_LITERAL_CONVERSION = YES;
				CLANG_WARN_OBJC_ROOT_CLASS = YES_ERROR;
				CLANG_WARN_QUOTED_INCLUDE_IN_FRAMEWORK_HEADER = YES;
				CLANG_WARN_RANGE_LOOP_ANALYSIS = YES;
				CLANG_WARN_STRICT_PROTOTYPES = YES;
				CLANG_WARN_SUSPICIOUS_MOVE = YES;
				CLANG_WARN_UNGUARDED_AVAILABILITY = YES_AGGRESSIVE;
				CLANG_WARN_UNREACHABLE_CODE = YES;
				CLANG_WARN__DUPLICATE_METHOD_MATCH = YES;
				COPY_PHASE_STRIP = NO;
				DEBUG_INFORMATION_FORMAT = dwarf;
				ENABLE_STRICT_OBJC_MSGSEND = YES;
				ENABLE_TESTABILITY = YES;
				GCC_C_LANGUAGE_STANDARD = gnu11;
				GCC_DYNAMIC_NO_PIC = NO;
				GCC_NO_COMMON_BLOCKS = YES;
				GCC_OPTIMIZATION_LEVEL = 0;
				GCC_PREPROCESSOR_DEFINITIONS = (
					"DEBUG=1",
					"$(inherited)",
				);
				GCC_WARN_64_TO_32_BIT_CONVERSION = YES;
				GCC_WARN_ABOUT_RETURN_TYPE = YES_ERROR;
				GCC_WARN_UNDECLARED_SELECTOR = YES;
				GCC_WARN_UNINITIALIZED_AUTOS = YES_AGGRESSIVE;
				GCC_WARN_UNUSED_FUNCTION = YES;
				GCC_WARN_UNUSED_VARIABLE = YES;
				IPHONEOS_DEPLOYMENT_TARGET = 15.5;
				MTL_ENABLE_DEBUG_INFO = INCLUDE_SOURCE;
				MTL_FAST_MATH = YES;
				ONLY_ACTIVE_ARCH = YES;
				SDKROOT = iphoneos;
				SWIFT_ACTIVE_COMPILATION_CONDITIONS = DEBUG;
				SWIFT_OPTIMIZATION_LEVEL = "-Onone";
			};
			name = Debug;
		};
		ED228F07286561F10092F686 /* Release */ = {
			isa = XCBuildConfiguration;
			buildSettings = {
				ALWAYS_SEARCH_USER_PATHS = NO;
				CLANG_ANALYZER_NONNULL = YES;
				CLANG_ANALYZER_NUMBER_OBJECT_CONVERSION = YES_AGGRESSIVE;
				CLANG_CXX_LANGUAGE_STANDARD = "gnu++17";
				CLANG_ENABLE_MODULES = YES;
				CLANG_ENABLE_OBJC_ARC = YES;
				CLANG_ENABLE_OBJC_WEAK = YES;
				CLANG_WARN_BLOCK_CAPTURE_AUTORELEASING = YES;
				CLANG_WARN_BOOL_CONVERSION = YES;
				CLANG_WARN_COMMA = YES;
				CLANG_WARN_CONSTANT_CONVERSION = YES;
				CLANG_WARN_DEPRECATED_OBJC_IMPLEMENTATIONS = YES;
				CLANG_WARN_DIRECT_OBJC_ISA_USAGE = YES_ERROR;
				CLANG_WARN_DOCUMENTATION_COMMENTS = YES;
				CLANG_WARN_EMPTY_BODY = YES;
				CLANG_WARN_ENUM_CONVERSION = YES;
				CLANG_WARN_INFINITE_RECURSION = YES;
				CLANG_WARN_INT_CONVERSION = YES;
				CLANG_WARN_NON_LITERAL_NULL_CONVERSION = YES;
				CLANG_WARN_OBJC_IMPLICIT_RETAIN_SELF = YES;
				CLANG_WARN_OBJC_LITERAL_CONVERSION = YES;
				CLANG_WARN_OBJC_ROOT_CLASS = YES_ERROR;
				CLANG_WARN_QUOTED_INCLUDE_IN_FRAMEWORK_HEADER = YES;
				CLANG_WARN_RANGE_LOOP_ANALYSIS = YES;
				CLANG_WARN_STRICT_PROTOTYPES = YES;
				CLANG_WARN_SUSPICIOUS_MOVE = YES;
				CLANG_WARN_UNGUARDED_AVAILABILITY = YES_AGGRESSIVE;
				CLANG_WARN_UNREACHABLE_CODE = YES;
				CLANG_WARN__DUPLICATE_METHOD_MATCH = YES;
				COPY_PHASE_STRIP = NO;
				DEBUG_INFORMATION_FORMAT = "dwarf-with-dsym";
				ENABLE_NS_ASSERTIONS = NO;
				ENABLE_STRICT_OBJC_MSGSEND = YES;
				GCC_C_LANGUAGE_STANDARD = gnu11;
				GCC_NO_COMMON_BLOCKS = YES;
				GCC_WARN_64_TO_32_BIT_CONVERSION = YES;
				GCC_WARN_ABOUT_RETURN_TYPE = YES_ERROR;
				GCC_WARN_UNDECLARED_SELECTOR = YES;
				GCC_WARN_UNINITIALIZED_AUTOS = YES_AGGRESSIVE;
				GCC_WARN_UNUSED_FUNCTION = YES;
				GCC_WARN_UNUSED_VARIABLE = YES;
				IPHONEOS_DEPLOYMENT_TARGET = 15.5;
				MTL_ENABLE_DEBUG_INFO = NO;
				MTL_FAST_MATH = YES;
				SDKROOT = iphoneos;
				SWIFT_COMPILATION_MODE = wholemodule;
				SWIFT_OPTIMIZATION_LEVEL = "-O";
				VALIDATE_PRODUCT = YES;
			};
			name = Release;
		};
		ED228F09286561F10092F686 /* Debug */ = {
			isa = XCBuildConfiguration;
			buildSettings = {
				ASSETCATALOG_COMPILER_APPICON_NAME = AppIcon;
				ASSETCATALOG_COMPILER_GLOBAL_ACCENT_COLOR_NAME = AccentColor;
				CODE_SIGN_STYLE = Automatic;
				CURRENT_PROJECT_VERSION = 1;
				GENERATE_INFOPLIST_FILE = YES;
				INFOPLIST_FILE = "Netflix-Clone/Info.plist";
				INFOPLIST_KEY_UIApplicationSupportsIndirectInputEvents = YES;
				INFOPLIST_KEY_UILaunchStoryboardName = LaunchScreen;
				INFOPLIST_KEY_UISupportedInterfaceOrientations_iPad = "UIInterfaceOrientationPortrait UIInterfaceOrientationPortraitUpsideDown UIInterfaceOrientationLandscapeLeft UIInterfaceOrientationLandscapeRight";
				INFOPLIST_KEY_UISupportedInterfaceOrientations_iPhone = "UIInterfaceOrientationPortrait UIInterfaceOrientationLandscapeLeft UIInterfaceOrientationLandscapeRight";
				LD_RUNPATH_SEARCH_PATHS = (
					"$(inherited)",
					"@executable_path/Frameworks",
				);
				MARKETING_VERSION = 1.0;
				PRODUCT_BUNDLE_IDENTIFIER = "NguyenPhucThinh.Netflix-Clone";
				PRODUCT_NAME = "$(TARGET_NAME)";
				SWIFT_EMIT_LOC_STRINGS = YES;
				SWIFT_VERSION = 5.0;
				TARGETED_DEVICE_FAMILY = "1,2";
			};
			name = Debug;
		};
		ED228F0A286561F10092F686 /* Release */ = {
			isa = XCBuildConfiguration;
			buildSettings = {
				ASSETCATALOG_COMPILER_APPICON_NAME = AppIcon;
				ASSETCATALOG_COMPILER_GLOBAL_ACCENT_COLOR_NAME = AccentColor;
				CODE_SIGN_STYLE = Automatic;
				CURRENT_PROJECT_VERSION = 1;
				GENERATE_INFOPLIST_FILE = YES;
				INFOPLIST_FILE = "Netflix-Clone/Info.plist";
				INFOPLIST_KEY_UIApplicationSupportsIndirectInputEvents = YES;
				INFOPLIST_KEY_UILaunchStoryboardName = LaunchScreen;
				INFOPLIST_KEY_UISupportedInterfaceOrientations_iPad = "UIInterfaceOrientationPortrait UIInterfaceOrientationPortraitUpsideDown UIInterfaceOrientationLandscapeLeft UIInterfaceOrientationLandscapeRight";
				INFOPLIST_KEY_UISupportedInterfaceOrientations_iPhone = "UIInterfaceOrientationPortrait UIInterfaceOrientationLandscapeLeft UIInterfaceOrientationLandscapeRight";
				LD_RUNPATH_SEARCH_PATHS = (
					"$(inherited)",
					"@executable_path/Frameworks",
				);
				MARKETING_VERSION = 1.0;
				PRODUCT_BUNDLE_IDENTIFIER = "NguyenPhucThinh.Netflix-Clone";
				PRODUCT_NAME = "$(TARGET_NAME)";
				SWIFT_EMIT_LOC_STRINGS = YES;
				SWIFT_VERSION = 5.0;
				TARGETED_DEVICE_FAMILY = "1,2";
			};
			name = Release;
		};
/* End XCBuildConfiguration section */

/* Begin XCConfigurationList section */
		ED228EEF286561EF0092F686 /* Build configuration list for PBXProject "Netflix-Clone" */ = {
			isa = XCConfigurationList;
			buildConfigurations = (
				ED228F06286561F10092F686 /* Debug */,
				ED228F07286561F10092F686 /* Release */,
			);
			defaultConfigurationIsVisible = 0;
			defaultConfigurationName = Release;
		};
		ED228F08286561F10092F686 /* Build configuration list for PBXNativeTarget "Netflix-Clone" */ = {
			isa = XCConfigurationList;
			buildConfigurations = (
				ED228F09286561F10092F686 /* Debug */,
				ED228F0A286561F10092F686 /* Release */,
			);
			defaultConfigurationIsVisible = 0;
			defaultConfigurationName = Release;
		};
/* End XCConfigurationList section */
	};
	rootObject = ED228EEC286561EF0092F686 /* Project object */;
}
